# This file is automatically @generated by Cargo.
# It is not intended for manual editing.
version = 3

[[package]]
name = "index_vec"
version = "0.1.3"
source = "registry+https://github.com/rust-lang/crates.io-index"
checksum = "74086667896a940438f2118212f313abba4aff3831fef6f4b17d02add5c8bb60"

[[package]]
name = "lmcc"
version = "0.1.0"
dependencies = [
 "index_vec",
 "unicode-width",
]

[[package]]
name = "unicode-width"
version = "0.1.11"
source = "registry+https://github.com/rust-lang/crates.io-index"
checksum = "e51733f11c9c4f72aa0c160008246859e340b00807569a0da0e7a1079b27ba85"
